
Microsoft Visual Studio Solution File, Format Version 12.00
Project("{FAE04EC0-301F-11D3-BF4B-00C04F79EFBC}") = "Product.Catalog", "Product.Catalog\Product.Catalog.csproj", "{91CE9508-D701-4D7C-AFC8-096255B310E0}"
EndProject
Project("{FAE04EC0-301F-11D3-BF4B-00C04F79EFBC}") = "Product.Order", "Product.Order\Product.Order.csproj", "{9A2B5EE0-FECB-413E-A7A1-F28E0272A980}"
EndProject
Global
	GlobalSection(SolutionConfigurationPlatforms) = preSolution
		Debug|Any CPU = Debug|Any CPU
		Release|Any CPU = Release|Any CPU
	EndGlobalSection
	GlobalSection(ProjectConfigurationPlatforms) = postSolution
		{91CE9508-D701-4D7C-AFC8-096255B310E0}.Debug|Any CPU.ActiveCfg = Debug|Any CPU
		{91CE9508-D701-4D7C-AFC8-096255B310E0}.Debug|Any CPU.Build.0 = Debug|Any CPU
		{91CE9508-D701-4D7C-AFC8-096255B310E0}.Release|Any CPU.ActiveCfg = Release|Any CPU
		{91CE9508-D701-4D7C-AFC8-096255B310E0}.Release|Any CPU.Build.0 = Release|Any CPU
		{9A2B5EE0-FECB-413E-A7A1-F28E0272A980}.Debug|Any CPU.ActiveCfg = Debug|Any CPU
		{9A2B5EE0-FECB-413E-A7A1-F28E0272A980}.Debug|Any CPU.Build.0 = Debug|Any CPU
		{9A2B5EE0-FECB-413E-A7A1-F28E0272A980}.Release|Any CPU.ActiveCfg = Release|Any CPU
		{9A2B5EE0-FECB-413E-A7A1-F28E0272A980}.Release|Any CPU.Build.0 = Release|Any CPU
	EndGlobalSection
EndGlobal
